
Microsoft Visual Studio Solution File, Format Version 12.00
# Visual Studio 15
VisualStudioVersion = 15.0.26430.15
MinimumVisualStudioVersion = 10.0.40219.1
Project("{FAE04EC0-301F-11D3-BF4B-00C04F79EFBC}") = "AngularJsWebApplication", "AngularJsWebApplication\AngularJsWebApplication.csproj", "{AB77BBA3-A0DF-40A6-BBEE-50E9777C8859}"
EndProject
Project("{FAE04EC0-301F-11D3-BF4B-00C04F79EFBC}") = "AngularWebApp", "..\AngularWebApp\AngularWebApp\AngularWebApp.csproj", "{6F4F0A18-1848-4C19-A74F-8ADF267A264A}"
EndProject
Global
	GlobalSection(SolutionConfigurationPlatforms) = preSolution
		Debug|Any CPU = Debug|Any CPU
		Release|Any CPU = Release|Any CPU
	EndGlobalSection
	GlobalSection(ProjectConfigurationPlatforms) = postSolution
		{AB77BBA3-A0DF-40A6-BBEE-50E9777C8859}.Debug|Any CPU.ActiveCfg = Debug|Any CPU
		{AB77BBA3-A0DF-40A6-BBEE-50E9777C8859}.Debug|Any CPU.Build.0 = Debug|Any CPU
		{AB77BBA3-A0DF-40A6-BBEE-50E9777C8859}.Release|Any CPU.ActiveCfg = Release|Any CPU
		{AB77BBA3-A0DF-40A6-BBEE-50E9777C8859}.Release|Any CPU.Build.0 = Release|Any CPU
		{6F4F0A18-1848-4C19-A74F-8ADF267A264A}.Debug|Any CPU.ActiveCfg = Debug|Any CPU
		{6F4F0A18-1848-4C19-A74F-8ADF267A264A}.Debug|Any CPU.Build.0 = Debug|Any CPU
		{6F4F0A18-1848-4C19-A74F-8ADF267A264A}.Release|Any CPU.ActiveCfg = Release|Any CPU
		{6F4F0A18-1848-4C19-A74F-8ADF267A264A}.Release|Any CPU.Build.0 = Release|Any CPU
	EndGlobalSection
	GlobalSection(SolutionProperties) = preSolution
		HideSolutionNode = FALSE
	EndGlobalSection
EndGlobal
